
Microsoft Visual Studio Solution File, Format Version 12.00
# Visual Studio Version 17
VisualStudioVersion = 17.13.35913.81 d17.13
MinimumVisualStudioVersion = 10.0.40219.1
Project("{FAE04EC0-301F-11D3-BF4B-00C04F79EFBC}") = "DENTAL_WPF", "DENTAL_WPF.csproj", "{8E9B6F75-8BEE-4FD9-8118-7D099FEB529A}"
EndProject
Global
	GlobalSection(SolutionConfigurationPlatforms) = preSolution
		Debug|Any CPU = Debug|Any CPU
		Release|Any CPU = Release|Any CPU
	EndGlobalSection
	GlobalSection(ProjectConfigurationPlatforms) = postSolution
		{8E9B6F75-8BEE-4FD9-8118-7D099FEB529A}.Debug|Any CPU.ActiveCfg = Debug|Any CPU
		{8E9B6F75-8BEE-4FD9-8118-7D099FEB529A}.Debug|Any CPU.Build.0 = Debug|Any CPU
		{8E9B6F75-8BEE-4FD9-8118-7D099FEB529A}.Release|Any CPU.ActiveCfg = Release|Any CPU
		{8E9B6F75-8BEE-4FD9-8118-7D099FEB529A}.Release|Any CPU.Build.0 = Release|Any CPU
	EndGlobalSection
	GlobalSection(SolutionProperties) = preSolution
		HideSolutionNode = FALSE
	EndGlobalSection
	GlobalSection(ExtensibilityGlobals) = postSolution
		SolutionGuid = {B3E3D13F-407D-4F5E-95A2-693FCCEC2D96}
	EndGlobalSection
EndGlobal
